// !$*UTF8*$!
{
	archiveVersion = 1;
	classes = {
	};
	objectVersion = 46;
	objects = {

/* Begin PBXBuildFile section */
		6EE0605D1AC3875D00B4747B /* main.m in Sources */ = {isa = PBXBuildFile; fileRef = 6EE0605C1AC3875D00B4747B /* main.m */; };
		6EE060601AC3875D00B4747B /* AppDelegate.m in Sources */ = {isa = PBXBuildFile; fileRef = 6EE0605F1AC3875D00B4747B /* AppDelegate.m */; };
		6EE060631AC3875D00B4747B /* ViewController.m in Sources */ = {isa = PBXBuildFile; fileRef = 6EE060621AC3875D00B4747B /* ViewController.m */; };
		6EE060661AC3875D00B4747B /* Main.storyboard in Resources */ = {isa = PBXBuildFile; fileRef = 6EE060641AC3875D00B4747B /* Main.storyboard */; };
		6EE060681AC3875D00B4747B /* Images.xcassets in Resources */ = {isa = PBXBuildFile; fileRef = 6EE060671AC3875D00B4747B /* Images.xcassets */; };
		6EE0606B1AC3875D00B4747B /* LaunchScreen.xib in Resources */ = {isa = PBXBuildFile; fileRef = 6EE060691AC3875D00B4747B /* LaunchScreen.xib */; };
		6EE060771AC3875D00B4747B /* ZaHunterTests.m in Sources */ = {isa = PBXBuildFile; fileRef = 6EE060761AC3875D00B4747B /* ZaHunterTests.m */; };
/* End PBXBuildFile section */

/* Begin PBXContainerItemProxy section */
		6EE060711AC3875D00B4747B /* PBXContainerItemProxy */ = {
			isa = PBXContainerItemProxy;
			containerPortal = 6EE0604F1AC3875D00B4747B /* Project object */;
			proxyType = 1;
			remoteGlobalIDString = 6EE060561AC3875D00B4747B;
			remoteInfo = ZaHunter;
		};
/* End PBXContainerItemProxy section */

/* Begin PBXFileReference section */
		6EE060571AC3875D00B4747B /* ZaHunter.app */ = {isa = PBXFileReference; explicitFileType = wrapper.application; includeInIndex = 0; path = ZaHunter.app; sourceTree = BUILT_PRODUCTS_DIR; };
		6EE0605B1AC3875D00B4747B /* Info.plist */ = {isa = PBXFileReference; lastKnownFileType = text.plist.xml; path = Info.plist; sourceTree = "<group>"; };
		6EE0605C1AC3875D00B4747B /* main.m */ = {isa = PBXFileReference; lastKnownFileType = sourcecode.c.objc; path = main.m; sourceTree = "<group>"; };
		6EE0605E1AC3875D00B4747B /* AppDelegate.h */ = {isa = PBXFileReference; lastKnownFileType = sourcecode.c.h; path = AppDelegate.h; sourceTree = "<group>"; };
		6EE0605F1AC3875D00B4747B /* AppDelegate.m */ = {isa = PBXFileReference; lastKnownFileType = sourcecode.c.objc; path = AppDelegate.m; sourceTree = "<group>"; };
		6EE060611AC3875D00B4747B /* ViewController.h */ = {isa = PBXFileReference; lastKnownFileType = sourcecode.c.h; path = ViewController.h; sourceTree = "<group>"; };
		6EE060621AC3875D00B4747B /* ViewController.m */ = {isa = PBXFileReference; lastKnownFileType = sourcecode.c.objc; path = ViewController.m; sourceTree = "<group>"; };
		6EE060651AC3875D00B4747B /* Base */ = {isa = PBXFileReference; lastKnownFileType = file.storyboard; name = Base; path = Base.lproj/Main.storyboard; sourceTree = "<group>"; };
		6EE060671AC3875D00B4747B /* Images.xcassets */ = {isa = PBXFileReference; lastKnownFileType = folder.assetcatalog; path = Images.xcassets; sourceTree = "<group>"; };
		6EE0606A1AC3875D00B4747B /* Base */ = {isa = PBXFileReference; lastKnownFileType = file.xib; name = Base; path = Base.lproj/LaunchScreen.xib; sourceTree = "<group>"; };
		6EE060701AC3875D00B4747B /* ZaHunterTests.xctest */ = {isa = PBXFileReference; explicitFileType = wrapper.cfbundle; includeInIndex = 0; path = ZaHunterTests.xctest; sourceTree = BUILT_PRODUCTS_DIR; };
		6EE060751AC3875D00B4747B /* Info.plist */ = {isa = PBXFileReference; lastKnownFileType = text.plist.xml; path = Info.plist; sourceTree = "<group>"; };
		6EE060761AC3875D00B4747B /* ZaHunterTests.m */ = {isa = PBXFileReference; lastKnownFileType = sourcecode.c.objc; path = ZaHunterTests.m; sourceTree = "<group>"; };
/* End PBXFileReference section */

/* Begin PBXFrameworksBuildPhase section */
		6EE060541AC3875D00B4747B /* Frameworks */ = {
			isa = PBXFrameworksBuildPhase;
			buildActionMask = 2147483647;
			files = (
			);
			runOnlyForDeploymentPostprocessing = 0;
		};
		6EE0606D1AC3875D00B4747B /* Frameworks */ = {
			isa = PBXFrameworksBuildPhase;
			buildActionMask = 2147483647;
			files = (
			);
			runOnlyForDeploymentPostprocessing = 0;
		};
/* End PBXFrameworksBuildPhase section */

/* Begin PBXGroup section */
		6EE0604E1AC3875D00B4747B = {
			isa = PBXGroup;
			children = (
				6EE060591AC3875D00B4747B /* ZaHunter */,
				6EE060731AC3875D00B4747B /* ZaHunterTests */,
				6EE060581AC3875D00B4747B /* Products */,
			);
			sourceTree = "<group>";
		};
		6EE060581AC3875D00B4747B /* Products */ = {
			isa = PBXGroup;
			children = (
				6EE060571AC3875D00B4747B /* ZaHunter.app */,
				6EE060701AC3875D00B4747B /* ZaHunterTests.xctest */,
			);
			name = Products;
			sourceTree = "<group>";
		};
		6EE060591AC3875D00B4747B /* ZaHunter */ = {
			isa = PBXGroup;
			children = (
				6EE0605E1AC3875D00B4747B /* AppDelegate.h */,
				6EE0605F1AC3875D00B4747B /* AppDelegate.m */,
				6EE060611AC3875D00B4747B /* ViewController.h */,
				6EE060621AC3875D00B4747B /* ViewController.m */,
				6EE060641AC3875D00B4747B /* Main.storyboard */,
				6EE060671AC3875D00B4747B /* Images.xcassets */,
				6EE060691AC3875D00B4747B /* LaunchScreen.xib */,
				6EE0605A1AC3875D00B4747B /* Supporting Files */,
			);
			path = ZaHunter;
			sourceTree = "<group>";
		};
		6EE0605A1AC3875D00B4747B /* Supporting Files */ = {
			isa = PBXGroup;
			children = (
				6EE0605B1AC3875D00B4747B /* Info.plist */,
				6EE0605C1AC3875D00B4747B /* main.m */,
			);
			name = "Supporting Files";
			sourceTree = "<group>";
		};
		6EE060731AC3875D00B4747B /* ZaHunterTests */ = {
			isa = PBXGroup;
			children = (
				6EE060761AC3875D00B4747B /* ZaHunterTests.m */,
				6EE060741AC3875D00B4747B /* Supporting Files */,
			);
			path = ZaHunterTests;
			sourceTree = "<group>";
		};
		6EE060741AC3875D00B4747B /* Supporting Files */ = {
			isa = PBXGroup;
			children = (
				6EE060751AC3875D00B4747B /* Info.plist */,
			);
			name = "Supporting Files";
			sourceTree = "<group>";
		};
/* End PBXGroup section */

/* Begin PBXNativeTarget section */
		6EE060561AC3875D00B4747B /* ZaHunter */ = {
			isa = PBXNativeTarget;
			buildConfigurationList = 6EE0607A1AC3875D00B4747B /* Build configuration list for PBXNativeTarget "ZaHunter" */;
			buildPhases = (
				6EE060531AC3875D00B4747B /* Sources */,
				6EE060541AC3875D00B4747B /* Frameworks */,
				6EE060551AC3875D00B4747B /* Resources */,
			);
			buildRules = (
			);
			dependencies = (
			);
			name = ZaHunter;
			productName = ZaHunter;
			productReference = 6EE060571AC3875D00B4747B /* ZaHunter.app */;
			productType = "com.apple.product-type.application";
		};
		6EE0606F1AC3875D00B4747B /* ZaHunterTests */ = {
			isa = PBXNativeTarget;
			buildConfigurationList = 6EE0607D1AC3875D00B4747B /* Build configuration list for PBXNativeTarget "ZaHunterTests" */;
			buildPhases = (
				6EE0606C1AC3875D00B4747B /* Sources */,
				6EE0606D1AC3875D00B4747B /* Frameworks */,
				6EE0606E1AC3875D00B4747B /* Resources */,
			);
			buildRules = (
			);
			dependencies = (
				6EE060721AC3875D00B4747B /* PBXTargetDependency */,
			);
			name = ZaHunterTests;
			productName = ZaHunterTests;
			productReference = 6EE060701AC3875D00B4747B /* ZaHunterTests.xctest */;
			productType = "com.apple.product-type.bundle.unit-test";
		};
/* End PBXNativeTarget section */

/* Begin PBXProject section */
		6EE0604F1AC3875D00B4747B /* Project object */ = {
			isa = PBXProject;
			attributes = {
				LastUpgradeCheck = 0620;
				ORGANIZATIONNAME = "Timothy Yeh";
				TargetAttributes = {
					6EE060561AC3875D00B4747B = {
						CreatedOnToolsVersion = 6.2;
					};
					6EE0606F1AC3875D00B4747B = {
						CreatedOnToolsVersion = 6.2;
						TestTargetID = 6EE060561AC3875D00B4747B;
					};
				};
			};
			buildConfigurationList = 6EE060521AC3875D00B4747B /* Build configuration list for PBXProject "ZaHunter" */;
			compatibilityVersion = "Xcode 3.2";
			developmentRegion = English;
			hasScannedForEncodings = 0;
			knownRegions = (
				en,
				Base,
			);
			mainGroup = 6EE0604E1AC3875D00B4747B;
			productRefGroup = 6EE060581AC3875D00B4747B /* Products */;
			projectDirPath = "";
			projectRoot = "";
			targets = (
				6EE060561AC3875D00B4747B /* ZaHunter */,
				6EE0606F1AC3875D00B4747B /* ZaHunterTests */,
			);
		};
/* End PBXProject section */

/* Begin PBXResourcesBuildPhase section */
		6EE060551AC3875D00B4747B /* Resources */ = {
			isa = PBXResourcesBuildPhase;
			buildActionMask = 2147483647;
			files = (
				6EE060661AC3875D00B4747B /* Main.storyboard in Resources */,
				6EE0606B1AC3875D00B4747B /* LaunchScreen.xib in Resources */,
				6EE060681AC3875D00B4747B /* Images.xcassets in Resources */,
			);
			runOnlyForDeploymentPostprocessing = 0;
		};
		6EE0606E1AC3875D00B4747B /* Resources */ = {
			isa = PBXResourcesBuildPhase;
			buildActionMask = 2147483647;
			files = (
			);
			runOnlyForDeploymentPostprocessing = 0;
		};
/* End PBXResourcesBuildPhase section */

/* Begin PBXSourcesBuildPhase section */
		6EE060531AC3875D00B4747B /* Sources */ = {
			isa = PBXSourcesBuildPhase;
			buildActionMask = 2147483647;
			files = (
				6EE060631AC3875D00B4747B /* ViewController.m in Sources */,
				6EE060601AC3875D00B4747B /* AppDelegate.m in Sources */,
				6EE0605D1AC3875D00B4747B /* main.m in Sources */,
			);
			runOnlyForDeploymentPostprocessing = 0;
		};
		6EE0606C1AC3875D00B4747B /* Sources */ = {
			isa = PBXSourcesBuildPhase;
			buildActionMask = 2147483647;
			files = (
				6EE060771AC3875D00B4747B /* ZaHunterTests.m in Sources */,
			);
			runOnlyForDeploymentPostprocessing = 0;
		};
/* End PBXSourcesBuildPhase section */

/* Begin PBXTargetDependency section */
		6EE060721AC3875D00B4747B /* PBXTargetDependency */ = {
			isa = PBXTargetDependency;
			target = 6EE060561AC3875D00B4747B /* ZaHunter */;
			targetProxy = 6EE060711AC3875D00B4747B /* PBXContainerItemProxy */;
		};
/* End PBXTargetDependency section */

/* Begin PBXVariantGroup section */
		6EE060641AC3875D00B4747B /* Main.storyboard */ = {
			isa = PBXVariantGroup;
			children = (
				6EE060651AC3875D00B4747B /* Base */,
			);
			name = Main.storyboard;
			sourceTree = "<group>";
		};
		6EE060691AC3875D00B4747B /* LaunchScreen.xib */ = {
			isa = PBXVariantGroup;
			children = (
				6EE0606A1AC3875D00B4747B /* Base */,
			);
			name = LaunchScreen.xib;
			sourceTree = "<group>";
		};
/* End PBXVariantGroup section */

/* Begin XCBuildConfiguration section */
		6EE060781AC3875D00B4747B /* Debug */ = {
			isa = XCBuildConfiguration;
			buildSettings = {
				ALWAYS_SEARCH_USER_PATHS = NO;
				CLANG_CXX_LANGUAGE_STANDARD = "gnu++0x";
				CLANG_CXX_LIBRARY = "libc++";
				CLANG_ENABLE_MODULES = YES;
				CLANG_ENABLE_OBJC_ARC = YES;
				CLANG_WARN_BOOL_CONVERSION = YES;
				CLANG_WARN_CONSTANT_CONVERSION = YES;
				CLANG_WARN_DIRECT_OBJC_ISA_USAGE = YES_ERROR;
				CLANG_WARN_EMPTY_BODY = YES;
				CLANG_WARN_ENUM_CONVERSION = YES;
				CLANG_WARN_INT_CONVERSION = YES;
				CLANG_WARN_OBJC_ROOT_CLASS = YES_ERROR;
				CLANG_WARN_UNREACHABLE_CODE = YES;
				CLANG_WARN__DUPLICATE_METHOD_MATCH = YES;
				"CODE_SIGN_IDENTITY[sdk=iphoneos*]" = "iPhone Developer";
				COPY_PHASE_STRIP = NO;
				ENABLE_STRICT_OBJC_MSGSEND = YES;
				GCC_C_LANGUAGE_STANDARD = gnu99;
				GCC_DYNAMIC_NO_PIC = NO;
				GCC_OPTIMIZATION_LEVEL = 0;
				GCC_PREPROCESSOR_DEFINITIONS = (
					"DEBUG=1",
					"$(inherited)",
				);
				GCC_SYMBOLS_PRIVATE_EXTERN = NO;
				GCC_WARN_64_TO_32_BIT_CONVERSION = YES;
				GCC_WARN_ABOUT_RETURN_TYPE = YES_ERROR;
				GCC_WARN_UNDECLARED_SELECTOR = YES;
				GCC_WARN_UNINITIALIZED_AUTOS = YES_AGGRESSIVE;
				GCC_WARN_UNUSED_FUNCTION = YES;
				GCC_WARN_UNUSED_VARIABLE = YES;
				IPHONEOS_DEPLOYMENT_TARGET = 8.2;
				MTL_ENABLE_DEBUG_INFO = YES;
				ONLY_ACTIVE_ARCH = YES;
				SDKROOT = iphoneos;
				TARGETED_DEVICE_FAMILY = "1,2";
			};
			name = Debug;
		};
		6EE060791AC3875D00B4747B /* Release */ = {
			isa = XCBuildConfiguration;
			buildSettings = {
				ALWAYS_SEARCH_USER_PATHS = NO;
				CLANG_CXX_LANGUAGE_STANDARD = "gnu++0x";
				CLANG_CXX_LIBRARY = "libc++";
				CLANG_ENABLE_MODULES = YES;
				CLANG_ENABLE_OBJC_ARC = YES;
				CLANG_WARN_BOOL_CONVERSION = YES;
				CLANG_WARN_CONSTANT_CONVERSION = YES;
				CLANG_WARN_DIRECT_OBJC_ISA_USAGE = YES_ERROR;
				CLANG_WARN_EMPTY_BODY = YES;
				CLANG_WARN_ENUM_CONVERSION = YES;
				CLANG_WARN_INT_CONVERSION = YES;
				CLANG_WARN_OBJC_ROOT_CLASS = YES_ERROR;
				CLANG_WARN_UNREACHABLE_CODE = YES;
				CLANG_WARN__DUPLICATE_METHOD_MATCH = YES;
				"CODE_SIGN_IDENTITY[sdk=iphoneos*]" = "iPhone Developer";
				COPY_PHASE_STRIP = NO;
				ENABLE_NS_ASSERTIONS = NO;
				ENABLE_STRICT_OBJC_MSGSEND = YES;
				GCC_C_LANGUAGE_STANDARD = gnu99;
				GCC_WARN_64_TO_32_BIT_CONVERSION = YES;
				GCC_WARN_ABOUT_RETURN_TYPE = YES_ERROR;
				GCC_WARN_UNDECLARED_SELECTOR = YES;
				GCC_WARN_UNINITIALIZED_AUTOS = YES_AGGRESSIVE;
				GCC_WARN_UNUSED_FUNCTION = YES;
				GCC_WARN_UNUSED_VARIABLE = YES;
				IPHONEOS_DEPLOYMENT_TARGET = 8.2;
				MTL_ENABLE_DEBUG_INFO = NO;
				SDKROOT = iphoneos;
				TARGETED_DEVICE_FAMILY = "1,2";
				VALIDATE_PRODUCT = YES;
			};
			name = Release;
		};
		6EE0607B1AC3875D00B4747B /* Debug */ = {
			isa = XCBuildConfiguration;
			buildSettings = {
				ASSETCATALOG_COMPILER_APPICON_NAME = AppIcon;
				INFOPLIST_FILE = ZaHunter/Info.plist;
				LD_RUNPATH_SEARCH_PATHS = "$(inherited) @executable_path/Frameworks";
				PRODUCT_NAME = "$(TARGET_NAME)";
			};
			name = Debug;
		};
		6EE0607C1AC3875D00B4747B /* Release */ = {
			isa = XCBuildConfiguration;
			buildSettings = {
				ASSETCATALOG_COMPILER_APPICON_NAME = AppIcon;
				INFOPLIST_FILE = ZaHunter/Info.plist;
				LD_RUNPATH_SEARCH_PATHS = "$(inherited) @executable_path/Frameworks";
				PRODUCT_NAME = "$(TARGET_NAME)";
			};
			name = Release;
		};
		6EE0607E1AC3875D00B4747B /* Debug */ = {
			isa = XCBuildConfiguration;
			buildSettings = {
				BUNDLE_LOADER = "$(TEST_HOST)";
				FRAMEWORK_SEARCH_PATHS = (
					"$(SDKROOT)/Developer/Library/Frameworks",
					"$(inherited)",
				);
				GCC_PREPROCESSOR_DEFINITIONS = (
					"DEBUG=1",
					"$(inherited)",
				);
				INFOPLIST_FILE = ZaHunterTests/Info.plist;
				LD_RUNPATH_SEARCH_PATHS = "$(inherited) @executable_path/Frameworks @loader_path/Frameworks";
				PRODUCT_NAME = "$(TARGET_NAME)";
				TEST_HOST = "$(BUILT_PRODUCTS_DIR)/ZaHunter.app/ZaHunter";
			};
			name = Debug;
		};
		6EE0607F1AC3875D00B4747B /* Release */ = {
			isa = XCBuildConfiguration;
			buildSettings = {
				BUNDLE_LOADER = "$(TEST_HOST)";
				FRAMEWORK_SEARCH_PATHS = (
					"$(SDKROOT)/Developer/Library/Frameworks",
					"$(inherited)",
				);
				INFOPLIST_FILE = ZaHunterTests/Info.plist;
				LD_RUNPATH_SEARCH_PATHS = "$(inherited) @executable_path/Frameworks @loader_path/Frameworks";
				PRODUCT_NAME = "$(TARGET_NAME)";
				TEST_HOST = "$(BUILT_PRODUCTS_DIR)/ZaHunter.app/ZaHunter";
			};
			name = Release;
		};
/* End XCBuildConfiguration section */

/* Begin XCConfigurationList section */
		6EE060521AC3875D00B4747B /* Build configuration list for PBXProject "ZaHunter" */ = {
			isa = XCConfigurationList;
			buildConfigurations = (
				6EE060781AC3875D00B4747B /* Debug */,
				6EE060791AC3875D00B4747B /* Release */,
			);
			defaultConfigurationIsVisible = 0;
			defaultConfigurationName = Release;
		};
		6EE0607A1AC3875D00B4747B /* Build configuration list for PBXNativeTarget "ZaHunter" */ = {
			isa = XCConfigurationList;
			buildConfigurations = (
				6EE0607B1AC3875D00B4747B /* Debug */,
				6EE0607C1AC3875D00B4747B /* Release */,
			);
			defaultConfigurationIsVisible = 0;
		};
		6EE0607D1AC3875D00B4747B /* Build configuration list for PBXNativeTarget "ZaHunterTests" */ = {
			isa = XCConfigurationList;
			buildConfigurations = (
				6EE0607E1AC3875D00B4747B /* Debug */,
				6EE0607F1AC3875D00B4747B /* Release */,
			);
			defaultConfigurationIsVisible = 0;
		};
/* End XCConfigurationList section */
	};
	rootObject = 6EE0604F1AC3875D00B4747B /* Project object */;
}
